{
  "name": "google-docs-clone",
  "version": "1.0.0",
  "description": "Your project description here",
  "main": "index.js",
  "scripts": {
    "start": "node index.js"
  },
  "dependencies": {
    "react": "^17.0.2",
    "other-library": "^version.number.here"
  },
  "devDependencies": {
    "@testing-library/react": "^13.4.0",
    "other-dev-library": "^version.number.here"
  }
}